
Microsoft Visual Studio Solution File, Format Version 12.00
# Visual Studio Version 17
VisualStudioVersion = 17.14.36408.4 d17.14
MinimumVisualStudioVersion = 10.0.40219.1
Project("{FAE04EC0-301F-11D3-BF4B-00C04F79EFBC}") = "JSON", "JSON\JSON.csproj", "{8153504F-00E7-4CA2-B5E3-E1EF190A49D6}"
EndProject
Global
	GlobalSection(SolutionConfigurationPlatforms) = preSolution
		Debug|Any CPU = Debug|Any CPU
		Release|Any CPU = Release|Any CPU
	EndGlobalSection
	GlobalSection(ProjectConfigurationPlatforms) = postSolution
		{8153504F-00E7-4CA2-B5E3-E1EF190A49D6}.Debug|Any CPU.ActiveCfg = Debug|Any CPU
		{8153504F-00E7-4CA2-B5E3-E1EF190A49D6}.Debug|Any CPU.Build.0 = Debug|Any CPU
		{8153504F-00E7-4CA2-B5E3-E1EF190A49D6}.Release|Any CPU.ActiveCfg = Release|Any CPU
		{8153504F-00E7-4CA2-B5E3-E1EF190A49D6}.Release|Any CPU.Build.0 = Release|Any CPU
	EndGlobalSection
	GlobalSection(SolutionProperties) = preSolution
		HideSolutionNode = FALSE
	EndGlobalSection
	GlobalSection(ExtensibilityGlobals) = postSolution
		SolutionGuid = {4EF69A14-56B0-411C-9BB7-207D012FD4ED}
	EndGlobalSection
EndGlobal
